// !$*UTF8*$!
{
	archiveVersion = 1;
	classes = {
	};
	objectVersion = 56;
	objects = {

/* Begin PBXBuildFile section */
		6C7F4FA22A9DDC010066ABC9 /* chatting_appApp.swift in Sources */ = {isa = PBXBuildFile; fileRef = 6C7F4FA12A9DDC010066ABC9 /* chatting_appApp.swift */; };
		6C7F4FA42A9DDC010066ABC9 /* ContentView.swift in Sources */ = {isa = PBXBuildFile; fileRef = 6C7F4FA32A9DDC010066ABC9 /* ContentView.swift */; };
		6C7F4FA62A9DDC020066ABC9 /* Assets.xcassets in Resources */ = {isa = PBXBuildFile; fileRef = 6C7F4FA52A9DDC020066ABC9 /* Assets.xcassets */; };
		6C7F4FA92A9DDC020066ABC9 /* Preview Assets.xcassets in Resources */ = {isa = PBXBuildFile; fileRef = 6C7F4FA82A9DDC020066ABC9 /* Preview Assets.xcassets */; };
		6C7F4FB12A9DDE490066ABC9 /* MessageModel.swift in Sources */ = {isa = PBXBuildFile; fileRef = 6C7F4FB02A9DDE490066ABC9 /* MessageModel.swift */; };
		6C7F4FB42A9DDE7A0066ABC9 /* ChatView.swift in Sources */ = {isa = PBXBuildFile; fileRef = 6C7F4FB32A9DDE7A0066ABC9 /* ChatView.swift */; };
		6C7F4FB62A9DDF650066ABC9 /* ChatWindowView.swift in Sources */ = {isa = PBXBuildFile; fileRef = 6C7F4FB52A9DDF650066ABC9 /* ChatWindowView.swift */; };
		6C7F4FB92A9DDFBD0066ABC9 /* MessageRow.swift in Sources */ = {isa = PBXBuildFile; fileRef = 6C7F4FB82A9DDFBD0066ABC9 /* MessageRow.swift */; };
		6C7F4FBB2A9DE6450066ABC9 /* ChatModel.swift in Sources */ = {isa = PBXBuildFile; fileRef = 6C7F4FBA2A9DE6450066ABC9 /* ChatModel.swift */; };
		6C875BFD2AA367E40091992F /* TabsView.swift in Sources */ = {isa = PBXBuildFile; fileRef = 6C875BFC2AA367E40091992F /* TabsView.swift */; };
		6C875C012AA3681A0091992F /* SettingView.swift in Sources */ = {isa = PBXBuildFile; fileRef = 6C875C002AA3681A0091992F /* SettingView.swift */; };
		6C875C042AA368510091992F /* CallView.swift in Sources */ = {isa = PBXBuildFile; fileRef = 6C875C032AA368510091992F /* CallView.swift */; };
		6C875C062AA368820091992F /* TobView.swift in Sources */ = {isa = PBXBuildFile; fileRef = 6C875C052AA368820091992F /* TobView.swift */; };
		6C875C082AA368A80091992F /* MainView.swift in Sources */ = {isa = PBXBuildFile; fileRef = 6C875C072AA368A80091992F /* MainView.swift */; };
		6C875C0A2AA373410091992F /* UserModel.swift in Sources */ = {isa = PBXBuildFile; fileRef = 6C875C092AA373410091992F /* UserModel.swift */; };
		6C875C0C2AA375140091992F /* AuthenticationStatus.swift in Sources */ = {isa = PBXBuildFile; fileRef = 6C875C0B2AA375140091992F /* AuthenticationStatus.swift */; };
		6C875C0F2AA46FF50091992F /* SQLite in Frameworks */ = {isa = PBXBuildFile; productRef = 6C875C0E2AA46FF50091992F /* SQLite */; };
		6C875C112AA4705E0091992F /* SQLiteService.swift in Sources */ = {isa = PBXBuildFile; fileRef = 6C875C102AA4705E0091992F /* SQLiteService.swift */; };
		6C875C142AA4769D0091992F /* UserViewModel.swift in Sources */ = {isa = PBXBuildFile; fileRef = 6C875C132AA4769D0091992F /* UserViewModel.swift */; };
		6C875C172AA47C770091992F /* MockUsers.swift in Sources */ = {isa = PBXBuildFile; fileRef = 6C875C162AA47C770091992F /* MockUsers.swift */; };
		6C875C1A2AA481DC0091992F /* ContactView.swift in Sources */ = {isa = PBXBuildFile; fileRef = 6C875C192AA481DC0091992F /* ContactView.swift */; };
		6C875C1C2AA495F00091992F /* ChatViewModel.swift in Sources */ = {isa = PBXBuildFile; fileRef = 6C875C1B2AA495F00091992F /* ChatViewModel.swift */; };
		6C875C1E2AA4AB480091992F /* SQLiteUserExtension.swift in Sources */ = {isa = PBXBuildFile; fileRef = 6C875C1D2AA4AB480091992F /* SQLiteUserExtension.swift */; };
		6C875C202AA4ACB70091992F /* SQLiteChatExtension.swift in Sources */ = {isa = PBXBuildFile; fileRef = 6C875C1F2AA4ACB70091992F /* SQLiteChatExtension.swift */; };
		6C875C222AA4F2E80091992F /* SQLiteMessage.swift in Sources */ = {isa = PBXBuildFile; fileRef = 6C875C212AA4F2E80091992F /* SQLiteMessage.swift */; };
		6C875C242AA4F6130091992F /* MessageViewModel.swift in Sources */ = {isa = PBXBuildFile; fileRef = 6C875C232AA4F6130091992F /* MessageViewModel.swift */; };
		6C95B3842AA61AC900B28643 /* SimpleMessageViewModel.swift in Sources */ = {isa = PBXBuildFile; fileRef = 6C95B3832AA61AC900B28643 /* SimpleMessageViewModel.swift */; };
		6C95B3862AA61B2700B28643 /* SimpleChatWindow.swift in Sources */ = {isa = PBXBuildFile; fileRef = 6C95B3852AA61B2700B28643 /* SimpleChatWindow.swift */; };
		6CD3F0672AA280600095BAC7 /* LoginView.swift in Sources */ = {isa = PBXBuildFile; fileRef = 6CD3F0662AA280600095BAC7 /* LoginView.swift */; };
		6CD3F06C2AA280A10095BAC7 /* MultilineTextField.swift in Sources */ = {isa = PBXBuildFile; fileRef = 6CD3F0682AA280A10095BAC7 /* MultilineTextField.swift */; };
		6CD3F06D2AA280A10095BAC7 /* CustomMultiLineTextField.swift in Sources */ = {isa = PBXBuildFile; fileRef = 6CD3F0692AA280A10095BAC7 /* CustomMultiLineTextField.swift */; };
		6CD3F06E2AA280A10095BAC7 /* SecureAuthTextField.swift in Sources */ = {isa = PBXBuildFile; fileRef = 6CD3F06A2AA280A10095BAC7 /* SecureAuthTextField.swift */; };
		6CD3F06F2AA280A10095BAC7 /* CustomAuthTextField.swift in Sources */ = {isa = PBXBuildFile; fileRef = 6CD3F06B2AA280A10095BAC7 /* CustomAuthTextField.swift */; };
		6CD3F0722AA280C10095BAC7 /* Extenstions.swift in Sources */ = {isa = PBXBuildFile; fileRef = 6CD3F0712AA280C10095BAC7 /* Extenstions.swift */; };
		6CD3F0752AA28C790095BAC7 /* XMPPFrameworkSwift in Frameworks */ = {isa = PBXBuildFile; productRef = 6CD3F0742AA28C790095BAC7 /* XMPPFrameworkSwift */; };
		6CD3F0782AA28E170095BAC7 /* XMPPService.swift in Sources */ = {isa = PBXBuildFile; fileRef = 6CD3F0772AA28E170095BAC7 /* XMPPService.swift */; };
/* End PBXBuildFile section */

/* Begin PBXFileReference section */
		6C7F4F9E2A9DDC010066ABC9 /* chatting-app.app */ = {isa = PBXFileReference; explicitFileType = wrapper.application; includeInIndex = 0; path = "chatting-app.app"; sourceTree = BUILT_PRODUCTS_DIR; };
		6C7F4FA12A9DDC010066ABC9 /* chatting_appApp.swift */ = {isa = PBXFileReference; lastKnownFileType = sourcecode.swift; path = chatting_appApp.swift; sourceTree = "<group>"; };
		6C7F4FA32A9DDC010066ABC9 /* ContentView.swift */ = {isa = PBXFileReference; lastKnownFileType = sourcecode.swift; path = ContentView.swift; sourceTree = "<group>"; };
		6C7F4FA52A9DDC020066ABC9 /* Assets.xcassets */ = {isa = PBXFileReference; lastKnownFileType = folder.assetcatalog; path = Assets.xcassets; sourceTree = "<group>"; };
		6C7F4FA82A9DDC020066ABC9 /* Preview Assets.xcassets */ = {isa = PBXFileReference; lastKnownFileType = folder.assetcatalog; path = "Preview Assets.xcassets"; sourceTree = "<group>"; };
		6C7F4FB02A9DDE490066ABC9 /* MessageModel.swift */ = {isa = PBXFileReference; lastKnownFileType = sourcecode.swift; path = MessageModel.swift; sourceTree = "<group>"; };
		6C7F4FB32A9DDE7A0066ABC9 /* ChatView.swift */ = {isa = PBXFileReference; lastKnownFileType = sourcecode.swift; path = ChatView.swift; sourceTree = "<group>"; };
		6C7F4FB52A9DDF650066ABC9 /* ChatWindowView.swift */ = {isa = PBXFileReference; lastKnownFileType = sourcecode.swift; path = ChatWindowView.swift; sourceTree = "<group>"; };
		6C7F4FB82A9DDFBD0066ABC9 /* MessageRow.swift */ = {isa = PBXFileReference; lastKnownFileType = sourcecode.swift; path = MessageRow.swift; sourceTree = "<group>"; };
		6C7F4FBA2A9DE6450066ABC9 /* ChatModel.swift */ = {isa = PBXFileReference; lastKnownFileType = sourcecode.swift; path = ChatModel.swift; sourceTree = "<group>"; };
		6C875BFC2AA367E40091992F /* TabsView.swift */ = {isa = PBXFileReference; lastKnownFileType = sourcecode.swift; path = TabsView.swift; sourceTree = "<group>"; };
		6C875C002AA3681A0091992F /* SettingView.swift */ = {isa = PBXFileReference; lastKnownFileType = sourcecode.swift; path = SettingView.swift; sourceTree = "<group>"; };
		6C875C032AA368510091992F /* CallView.swift */ = {isa = PBXFileReference; lastKnownFileType = sourcecode.swift; path = CallView.swift; sourceTree = "<group>"; };
		6C875C052AA368820091992F /* TobView.swift */ = {isa = PBXFileReference; lastKnownFileType = sourcecode.swift; path = TobView.swift; sourceTree = "<group>"; };
		6C875C072AA368A80091992F /* MainView.swift */ = {isa = PBXFileReference; lastKnownFileType = sourcecode.swift; path = MainView.swift; sourceTree = "<group>"; };
		6C875C092AA373410091992F /* UserModel.swift */ = {isa = PBXFileReference; lastKnownFileType = sourcecode.swift; path = UserModel.swift; sourceTree = "<group>"; };
		6C875C0B2AA375140091992F /* AuthenticationStatus.swift */ = {isa = PBXFileReference; lastKnownFileType = sourcecode.swift; path = AuthenticationStatus.swift; sourceTree = "<group>"; };
		6C875C102AA4705E0091992F /* SQLiteService.swift */ = {isa = PBXFileReference; lastKnownFileType = sourcecode.swift; path = SQLiteService.swift; sourceTree = "<group>"; };
		6C875C132AA4769D0091992F /* UserViewModel.swift */ = {isa = PBXFileReference; lastKnownFileType = sourcecode.swift; path = UserViewModel.swift; sourceTree = "<group>"; };
		6C875C162AA47C770091992F /* MockUsers.swift */ = {isa = PBXFileReference; lastKnownFileType = sourcecode.swift; path = MockUsers.swift; sourceTree = "<group>"; };
		6C875C192AA481DC0091992F /* ContactView.swift */ = {isa = PBXFileReference; lastKnownFileType = sourcecode.swift; path = ContactView.swift; sourceTree = "<group>"; };
		6C875C1B2AA495F00091992F /* ChatViewModel.swift */ = {isa = PBXFileReference; lastKnownFileType = sourcecode.swift; path = ChatViewModel.swift; sourceTree = "<group>"; };
		6C875C1D2AA4AB480091992F /* SQLiteUserExtension.swift */ = {isa = PBXFileReference; lastKnownFileType = sourcecode.swift; path = SQLiteUserExtension.swift; sourceTree = "<group>"; };
		6C875C1F2AA4ACB70091992F /* SQLiteChatExtension.swift */ = {isa = PBXFileReference; lastKnownFileType = sourcecode.swift; path = SQLiteChatExtension.swift; sourceTree = "<group>"; };
		6C875C212AA4F2E80091992F /* SQLiteMessage.swift */ = {isa = PBXFileReference; lastKnownFileType = sourcecode.swift; path = SQLiteMessage.swift; sourceTree = "<group>"; };
		6C875C232AA4F6130091992F /* MessageViewModel.swift */ = {isa = PBXFileReference; lastKnownFileType = sourcecode.swift; path = MessageViewModel.swift; sourceTree = "<group>"; };
		6C95B3832AA61AC900B28643 /* SimpleMessageViewModel.swift */ = {isa = PBXFileReference; lastKnownFileType = sourcecode.swift; path = SimpleMessageViewModel.swift; sourceTree = "<group>"; };
		6C95B3852AA61B2700B28643 /* SimpleChatWindow.swift */ = {isa = PBXFileReference; lastKnownFileType = sourcecode.swift; path = SimpleChatWindow.swift; sourceTree = "<group>"; };
		6CD3F0662AA280600095BAC7 /* LoginView.swift */ = {isa = PBXFileReference; lastKnownFileType = sourcecode.swift; path = LoginView.swift; sourceTree = "<group>"; };
		6CD3F0682AA280A10095BAC7 /* MultilineTextField.swift */ = {isa = PBXFileReference; fileEncoding = 4; lastKnownFileType = sourcecode.swift; path = MultilineTextField.swift; sourceTree = "<group>"; };
		6CD3F0692AA280A10095BAC7 /* CustomMultiLineTextField.swift */ = {isa = PBXFileReference; fileEncoding = 4; lastKnownFileType = sourcecode.swift; path = CustomMultiLineTextField.swift; sourceTree = "<group>"; };
		6CD3F06A2AA280A10095BAC7 /* SecureAuthTextField.swift */ = {isa = PBXFileReference; fileEncoding = 4; lastKnownFileType = sourcecode.swift; path = SecureAuthTextField.swift; sourceTree = "<group>"; };
		6CD3F06B2AA280A10095BAC7 /* CustomAuthTextField.swift */ = {isa = PBXFileReference; fileEncoding = 4; lastKnownFileType = sourcecode.swift; path = CustomAuthTextField.swift; sourceTree = "<group>"; };
		6CD3F0712AA280C10095BAC7 /* Extenstions.swift */ = {isa = PBXFileReference; fileEncoding = 4; lastKnownFileType = sourcecode.swift; path = Extenstions.swift; sourceTree = "<group>"; };
		6CD3F0772AA28E170095BAC7 /* XMPPService.swift */ = {isa = PBXFileReference; lastKnownFileType = sourcecode.swift; path = XMPPService.swift; sourceTree = "<group>"; };
/* End PBXFileReference section */

/* Begin PBXFrameworksBuildPhase section */
		6C7F4F9B2A9DDC010066ABC9 /* Frameworks */ = {
			isa = PBXFrameworksBuildPhase;
			buildActionMask = 2147483647;
			files = (
				6C875C0F2AA46FF50091992F /* SQLite in Frameworks */,
				6CD3F0752AA28C790095BAC7 /* XMPPFrameworkSwift in Frameworks */,
			);
			runOnlyForDeploymentPostprocessing = 0;
		};
/* End PBXFrameworksBuildPhase section */

/* Begin PBXGroup section */
		6C7F4F952A9DDC010066ABC9 = {
			isa = PBXGroup;
			children = (
				6C7F4FA02A9DDC010066ABC9 /* chatting-app */,
				6C7F4F9F2A9DDC010066ABC9 /* Products */,
			);
			sourceTree = "<group>";
		};
		6C7F4F9F2A9DDC010066ABC9 /* Products */ = {
			isa = PBXGroup;
			children = (
				6C7F4F9E2A9DDC010066ABC9 /* chatting-app.app */,
			);
			name = Products;
			sourceTree = "<group>";
		};
		6C7F4FA02A9DDC010066ABC9 /* chatting-app */ = {
			isa = PBXGroup;
			children = (
				6C875C152AA47C650091992F /* Utils */,
				6C875C122AA4768E0091992F /* ViewModel */,
				6CD3F0762AA28DE20095BAC7 /* Service */,
				6CD3F0702AA280AF0095BAC7 /* Extension */,
				6C7F4FB72A9DDFA30066ABC9 /* Component */,
				6C7F4FB22A9DDE6E0066ABC9 /* View */,
				6C7F4FAF2A9DDE3B0066ABC9 /* Model */,
				6C7F4FA12A9DDC010066ABC9 /* chatting_appApp.swift */,
				6C7F4FA32A9DDC010066ABC9 /* ContentView.swift */,
				6C7F4FA52A9DDC020066ABC9 /* Assets.xcassets */,
				6C7F4FA72A9DDC020066ABC9 /* Preview Content */,
			);
			path = "chatting-app";
			sourceTree = "<group>";
		};
		6C7F4FA72A9DDC020066ABC9 /* Preview Content */ = {
			isa = PBXGroup;
			children = (
				6C7F4FA82A9DDC020066ABC9 /* Preview Assets.xcassets */,
			);
			path = "Preview Content";
			sourceTree = "<group>";
		};
		6C7F4FAF2A9DDE3B0066ABC9 /* Model */ = {
			isa = PBXGroup;
			children = (
				6C7F4FB02A9DDE490066ABC9 /* MessageModel.swift */,
				6C7F4FBA2A9DE6450066ABC9 /* ChatModel.swift */,
				6C875C092AA373410091992F /* UserModel.swift */,
			);
			path = Model;
			sourceTree = "<group>";
		};
		6C7F4FB22A9DDE6E0066ABC9 /* View */ = {
			isa = PBXGroup;
			children = (
				6C875C182AA481C70091992F /* Contact */,
				6C875C022AA3683D0091992F /* Chat */,
				6C875BFE2AA367FC0091992F /* Setting */,
				6C875BFB2AA367C20091992F /* Main */,
				6CD3F0652AA2804A0095BAC7 /* Authentication */,
			);
			path = View;
			sourceTree = "<group>";
		};
		6C7F4FB72A9DDFA30066ABC9 /* Component */ = {
			isa = PBXGroup;
			children = (
				6CD3F06B2AA280A10095BAC7 /* CustomAuthTextField.swift */,
				6CD3F0692AA280A10095BAC7 /* CustomMultiLineTextField.swift */,
				6CD3F0682AA280A10095BAC7 /* MultilineTextField.swift */,
				6CD3F06A2AA280A10095BAC7 /* SecureAuthTextField.swift */,
				6C7F4FB82A9DDFBD0066ABC9 /* MessageRow.swift */,
			);
			path = Component;
			sourceTree = "<group>";
		};
		6C875BFB2AA367C20091992F /* Main */ = {
			isa = PBXGroup;
			children = (
				6C875BFC2AA367E40091992F /* TabsView.swift */,
				6C875C052AA368820091992F /* TobView.swift */,
				6C875C072AA368A80091992F /* MainView.swift */,
			);
			path = Main;
			sourceTree = "<group>";
		};
		6C875BFE2AA367FC0091992F /* Setting */ = {
			isa = PBXGroup;
			children = (
				6C875C002AA3681A0091992F /* SettingView.swift */,
			);
			path = Setting;
			sourceTree = "<group>";
		};
		6C875C022AA3683D0091992F /* Chat */ = {
			isa = PBXGroup;
			children = (
				6C7F4FB32A9DDE7A0066ABC9 /* ChatView.swift */,
				6C7F4FB52A9DDF650066ABC9 /* ChatWindowView.swift */,
				6C875C032AA368510091992F /* CallView.swift */,
				6C95B3852AA61B2700B28643 /* SimpleChatWindow.swift */,
			);
			path = Chat;
			sourceTree = "<group>";
		};
		6C875C122AA4768E0091992F /* ViewModel */ = {
			isa = PBXGroup;
			children = (
				6C875C132AA4769D0091992F /* UserViewModel.swift */,
				6C875C1B2AA495F00091992F /* ChatViewModel.swift */,
				6C875C232AA4F6130091992F /* MessageViewModel.swift */,
				6C95B3832AA61AC900B28643 /* SimpleMessageViewModel.swift */,
			);
			path = ViewModel;
			sourceTree = "<group>";
		};
		6C875C152AA47C650091992F /* Utils */ = {
			isa = PBXGroup;
			children = (
				6C875C162AA47C770091992F /* MockUsers.swift */,
			);
			path = Utils;
			sourceTree = "<group>";
		};
		6C875C182AA481C70091992F /* Contact */ = {
			isa = PBXGroup;
			children = (
				6C875C192AA481DC0091992F /* ContactView.swift */,
			);
			path = Contact;
			sourceTree = "<group>";
		};
		6CD3F0652AA2804A0095BAC7 /* Authentication */ = {
			isa = PBXGroup;
			children = (
				6CD3F0662AA280600095BAC7 /* LoginView.swift */,
				6C875C0B2AA375140091992F /* AuthenticationStatus.swift */,
			);
			path = Authentication;
			sourceTree = "<group>";
		};
		6CD3F0702AA280AF0095BAC7 /* Extension */ = {
			isa = PBXGroup;
			children = (
				6CD3F0712AA280C10095BAC7 /* Extenstions.swift */,
				6C875C1D2AA4AB480091992F /* SQLiteUserExtension.swift */,
				6C875C1F2AA4ACB70091992F /* SQLiteChatExtension.swift */,
				6C875C212AA4F2E80091992F /* SQLiteMessage.swift */,
			);
			path = Extension;
			sourceTree = "<group>";
		};
		6CD3F0762AA28DE20095BAC7 /* Service */ = {
			isa = PBXGroup;
			children = (
				6CD3F0772AA28E170095BAC7 /* XMPPService.swift */,
				6C875C102AA4705E0091992F /* SQLiteService.swift */,
			);
			path = Service;
			sourceTree = "<group>";
		};
/* End PBXGroup section */

/* Begin PBXNativeTarget section */
		6C7F4F9D2A9DDC010066ABC9 /* chatting-app */ = {
			isa = PBXNativeTarget;
			buildConfigurationList = 6C7F4FAC2A9DDC020066ABC9 /* Build configuration list for PBXNativeTarget "chatting-app" */;
			buildPhases = (
				6C7F4F9A2A9DDC010066ABC9 /* Sources */,
				6C7F4F9B2A9DDC010066ABC9 /* Frameworks */,
				6C7F4F9C2A9DDC010066ABC9 /* Resources */,
			);
			buildRules = (
			);
			dependencies = (
			);
			name = "chatting-app";
			packageProductDependencies = (
				6CD3F0742AA28C790095BAC7 /* XMPPFrameworkSwift */,
				6C875C0E2AA46FF50091992F /* SQLite */,
			);
			productName = "chatting-app";
			productReference = 6C7F4F9E2A9DDC010066ABC9 /* chatting-app.app */;
			productType = "com.apple.product-type.application";
		};
/* End PBXNativeTarget section */

/* Begin PBXProject section */
		6C7F4F962A9DDC010066ABC9 /* Project object */ = {
			isa = PBXProject;
			attributes = {
				BuildIndependentTargetsInParallel = 1;
				LastSwiftUpdateCheck = 1430;
				LastUpgradeCheck = 1430;
				TargetAttributes = {
					6C7F4F9D2A9DDC010066ABC9 = {
						CreatedOnToolsVersion = 14.3.1;
					};
				};
			};
			buildConfigurationList = 6C7F4F992A9DDC010066ABC9 /* Build configuration list for PBXProject "chatting-app" */;
			compatibilityVersion = "Xcode 14.0";
			developmentRegion = en;
			hasScannedForEncodings = 0;
			knownRegions = (
				en,
				Base,
			);
			mainGroup = 6C7F4F952A9DDC010066ABC9;
			packageReferences = (
				6CD3F0732AA28C790095BAC7 /* XCRemoteSwiftPackageReference "XMPPFramework" */,
				6C875C0D2AA46FF50091992F /* XCRemoteSwiftPackageReference "SQLite.swift" */,
			);
			productRefGroup = 6C7F4F9F2A9DDC010066ABC9 /* Products */;
			projectDirPath = "";
			projectRoot = "";
			targets = (
				6C7F4F9D2A9DDC010066ABC9 /* chatting-app */,
			);
		};
/* End PBXProject section */

/* Begin PBXResourcesBuildPhase section */
		6C7F4F9C2A9DDC010066ABC9 /* Resources */ = {
			isa = PBXResourcesBuildPhase;
			buildActionMask = 2147483647;
			files = (
				6C7F4FA92A9DDC020066ABC9 /* Preview Assets.xcassets in Resources */,
				6C7F4FA62A9DDC020066ABC9 /* Assets.xcassets in Resources */,
			);
			runOnlyForDeploymentPostprocessing = 0;
		};
/* End PBXResourcesBuildPhase section */

/* Begin PBXSourcesBuildPhase section */
		6C7F4F9A2A9DDC010066ABC9 /* Sources */ = {
			isa = PBXSourcesBuildPhase;
			buildActionMask = 2147483647;
			files = (
				6C7F4FB42A9DDE7A0066ABC9 /* ChatView.swift in Sources */,
				6C875C142AA4769D0091992F /* UserViewModel.swift in Sources */,
				6C875C0A2AA373410091992F /* UserModel.swift in Sources */,
				6C7F4FB62A9DDF650066ABC9 /* ChatWindowView.swift in Sources */,
				6C7F4FB92A9DDFBD0066ABC9 /* MessageRow.swift in Sources */,
				6C875C172AA47C770091992F /* MockUsers.swift in Sources */,
				6C7F4FBB2A9DE6450066ABC9 /* ChatModel.swift in Sources */,
				6C875C222AA4F2E80091992F /* SQLiteMessage.swift in Sources */,
				6C875C1C2AA495F00091992F /* ChatViewModel.swift in Sources */,
				6C875C242AA4F6130091992F /* MessageViewModel.swift in Sources */,
				6C7F4FA42A9DDC010066ABC9 /* ContentView.swift in Sources */,
				6C7F4FA22A9DDC010066ABC9 /* chatting_appApp.swift in Sources */,
				6CD3F06F2AA280A10095BAC7 /* CustomAuthTextField.swift in Sources */,
				6CD3F06D2AA280A10095BAC7 /* CustomMultiLineTextField.swift in Sources */,
				6C875C012AA3681A0091992F /* SettingView.swift in Sources */,
				6C875C112AA4705E0091992F /* SQLiteService.swift in Sources */,
				6CD3F06E2AA280A10095BAC7 /* SecureAuthTextField.swift in Sources */,
				6C875BFD2AA367E40091992F /* TabsView.swift in Sources */,
				6C875C042AA368510091992F /* CallView.swift in Sources */,
				6C95B3862AA61B2700B28643 /* SimpleChatWindow.swift in Sources */,
				6C875C1A2AA481DC0091992F /* ContactView.swift in Sources */,
				6C875C202AA4ACB70091992F /* SQLiteChatExtension.swift in Sources */,
				6C875C082AA368A80091992F /* MainView.swift in Sources */,
				6CD3F06C2AA280A10095BAC7 /* MultilineTextField.swift in Sources */,
				6CD3F0782AA28E170095BAC7 /* XMPPService.swift in Sources */,
				6C875C1E2AA4AB480091992F /* SQLiteUserExtension.swift in Sources */,
				6CD3F0672AA280600095BAC7 /* LoginView.swift in Sources */,
				6C7F4FB12A9DDE490066ABC9 /* MessageModel.swift in Sources */,
				6C875C0C2AA375140091992F /* AuthenticationStatus.swift in Sources */,
				6C95B3842AA61AC900B28643 /* SimpleMessageViewModel.swift in Sources */,
				6C875C062AA368820091992F /* TobView.swift in Sources */,
				6CD3F0722AA280C10095BAC7 /* Extenstions.swift in Sources */,
			);
			runOnlyForDeploymentPostprocessing = 0;
		};
/* End PBXSourcesBuildPhase section */

/* Begin XCBuildConfiguration section */
		6C7F4FAA2A9DDC020066ABC9 /* Debug */ = {
			isa = XCBuildConfiguration;
			buildSettings = {
				ALWAYS_SEARCH_USER_PATHS = NO;
				CLANG_ANALYZER_NONNULL = YES;
				CLANG_ANALYZER_NUMBER_OBJECT_CONVERSION = YES_AGGRESSIVE;
				CLANG_CXX_LANGUAGE_STANDARD = "gnu++20";
				CLANG_ENABLE_MODULES = YES;
				CLANG_ENABLE_OBJC_ARC = YES;
				CLANG_ENABLE_OBJC_WEAK = YES;
				CLANG_WARN_BLOCK_CAPTURE_AUTORELEASING = YES;
				CLANG_WARN_BOOL_CONVERSION = YES;
				CLANG_WARN_COMMA = YES;
				CLANG_WARN_CONSTANT_CONVERSION = YES;
				CLANG_WARN_DEPRECATED_OBJC_IMPLEMENTATIONS = YES;
				CLANG_WARN_DIRECT_OBJC_ISA_USAGE = YES_ERROR;
				CLANG_WARN_DOCUMENTATION_COMMENTS = YES;
				CLANG_WARN_EMPTY_BODY = YES;
				CLANG_WARN_ENUM_CONVERSION = YES;
				CLANG_WARN_INFINITE_RECURSION = YES;
				CLANG_WARN_INT_CONVERSION = YES;
				CLANG_WARN_NON_LITERAL_NULL_CONVERSION = YES;
				CLANG_WARN_OBJC_IMPLICIT_RETAIN_SELF = YES;
				CLANG_WARN_OBJC_LITERAL_CONVERSION = YES;
				CLANG_WARN_OBJC_ROOT_CLASS = YES_ERROR;
				CLANG_WARN_QUOTED_INCLUDE_IN_FRAMEWORK_HEADER = YES;
				CLANG_WARN_RANGE_LOOP_ANALYSIS = YES;
				CLANG_WARN_STRICT_PROTOTYPES = YES;
				CLANG_WARN_SUSPICIOUS_MOVE = YES;
				CLANG_WARN_UNGUARDED_AVAILABILITY = YES_AGGRESSIVE;
				CLANG_WARN_UNREACHABLE_CODE = YES;
				CLANG_WARN__DUPLICATE_METHOD_MATCH = YES;
				COPY_PHASE_STRIP = NO;
				DEBUG_INFORMATION_FORMAT = dwarf;
				ENABLE_STRICT_OBJC_MSGSEND = YES;
				ENABLE_TESTABILITY = YES;
				GCC_C_LANGUAGE_STANDARD = gnu11;
				GCC_DYNAMIC_NO_PIC = NO;
				GCC_NO_COMMON_BLOCKS = YES;
				GCC_OPTIMIZATION_LEVEL = 0;
				GCC_PREPROCESSOR_DEFINITIONS = (
					"DEBUG=1",
					"$(inherited)",
				);
				GCC_WARN_64_TO_32_BIT_CONVERSION = YES;
				GCC_WARN_ABOUT_RETURN_TYPE = YES_ERROR;
				GCC_WARN_UNDECLARED_SELECTOR = YES;
				GCC_WARN_UNINITIALIZED_AUTOS = YES_AGGRESSIVE;
				GCC_WARN_UNUSED_FUNCTION = YES;
				GCC_WARN_UNUSED_VARIABLE = YES;
				IPHONEOS_DEPLOYMENT_TARGET = 15.0;
				MTL_ENABLE_DEBUG_INFO = INCLUDE_SOURCE;
				MTL_FAST_MATH = YES;
				ONLY_ACTIVE_ARCH = YES;
				SDKROOT = iphoneos;
				SWIFT_ACTIVE_COMPILATION_CONDITIONS = DEBUG;
				SWIFT_OPTIMIZATION_LEVEL = "-Onone";
			};
			name = Debug;
		};
		6C7F4FAB2A9DDC020066ABC9 /* Release */ = {
			isa = XCBuildConfiguration;
			buildSettings = {
				ALWAYS_SEARCH_USER_PATHS = NO;
				CLANG_ANALYZER_NONNULL = YES;
				CLANG_ANALYZER_NUMBER_OBJECT_CONVERSION = YES_AGGRESSIVE;
				CLANG_CXX_LANGUAGE_STANDARD = "gnu++20";
				CLANG_ENABLE_MODULES = YES;
				CLANG_ENABLE_OBJC_ARC = YES;
				CLANG_ENABLE_OBJC_WEAK = YES;
				CLANG_WARN_BLOCK_CAPTURE_AUTORELEASING = YES;
				CLANG_WARN_BOOL_CONVERSION = YES;
				CLANG_WARN_COMMA = YES;
				CLANG_WARN_CONSTANT_CONVERSION = YES;
				CLANG_WARN_DEPRECATED_OBJC_IMPLEMENTATIONS = YES;
				CLANG_WARN_DIRECT_OBJC_ISA_USAGE = YES_ERROR;
				CLANG_WARN_DOCUMENTATION_COMMENTS = YES;
				CLANG_WARN_EMPTY_BODY = YES;
				CLANG_WARN_ENUM_CONVERSION = YES;
				CLANG_WARN_INFINITE_RECURSION = YES;
				CLANG_WARN_INT_CONVERSION = YES;
				CLANG_WARN_NON_LITERAL_NULL_CONVERSION = YES;
				CLANG_WARN_OBJC_IMPLICIT_RETAIN_SELF = YES;
				CLANG_WARN_OBJC_LITERAL_CONVERSION = YES;
				CLANG_WARN_OBJC_ROOT_CLASS = YES_ERROR;
				CLANG_WARN_QUOTED_INCLUDE_IN_FRAMEWORK_HEADER = YES;
				CLANG_WARN_RANGE_LOOP_ANALYSIS = YES;
				CLANG_WARN_STRICT_PROTOTYPES = YES;
				CLANG_WARN_SUSPICIOUS_MOVE = YES;
				CLANG_WARN_UNGUARDED_AVAILABILITY = YES_AGGRESSIVE;
				CLANG_WARN_UNREACHABLE_CODE = YES;
				CLANG_WARN__DUPLICATE_METHOD_MATCH = YES;
				COPY_PHASE_STRIP = NO;
				DEBUG_INFORMATION_FORMAT = "dwarf-with-dsym";
				ENABLE_NS_ASSERTIONS = NO;
				ENABLE_STRICT_OBJC_MSGSEND = YES;
				GCC_C_LANGUAGE_STANDARD = gnu11;
				GCC_NO_COMMON_BLOCKS = YES;
				GCC_WARN_64_TO_32_BIT_CONVERSION = YES;
				GCC_WARN_ABOUT_RETURN_TYPE = YES_ERROR;
				GCC_WARN_UNDECLARED_SELECTOR = YES;
				GCC_WARN_UNINITIALIZED_AUTOS = YES_AGGRESSIVE;
				GCC_WARN_UNUSED_FUNCTION = YES;
				GCC_WARN_UNUSED_VARIABLE = YES;
				IPHONEOS_DEPLOYMENT_TARGET = 15.0;
				MTL_ENABLE_DEBUG_INFO = NO;
				MTL_FAST_MATH = YES;
				SDKROOT = iphoneos;
				SWIFT_COMPILATION_MODE = wholemodule;
				SWIFT_OPTIMIZATION_LEVEL = "-O";
				VALIDATE_PRODUCT = YES;
			};
			name = Release;
		};
		6C7F4FAD2A9DDC020066ABC9 /* Debug */ = {
			isa = XCBuildConfiguration;
			buildSettings = {
				ASSETCATALOG_COMPILER_APPICON_NAME = AppIcon;
				ASSETCATALOG_COMPILER_GLOBAL_ACCENT_COLOR_NAME = AccentColor;
				CODE_SIGN_STYLE = Automatic;
				CURRENT_PROJECT_VERSION = 1;
				DEVELOPMENT_ASSET_PATHS = "\"chatting-app/Preview Content\"";
				DEVELOPMENT_TEAM = T35Y69277T;
				ENABLE_PREVIEWS = YES;
				GENERATE_INFOPLIST_FILE = YES;
				INFOPLIST_KEY_UIApplicationSceneManifest_Generation = YES;
				INFOPLIST_KEY_UIApplicationSupportsIndirectInputEvents = YES;
				INFOPLIST_KEY_UILaunchScreen_Generation = YES;
				INFOPLIST_KEY_UISupportedInterfaceOrientations_iPad = "UIInterfaceOrientationPortrait UIInterfaceOrientationPortraitUpsideDown UIInterfaceOrientationLandscapeLeft UIInterfaceOrientationLandscapeRight";
				INFOPLIST_KEY_UISupportedInterfaceOrientations_iPhone = "UIInterfaceOrientationPortrait UIInterfaceOrientationLandscapeLeft UIInterfaceOrientationLandscapeRight";
				LD_RUNPATH_SEARCH_PATHS = (
					"$(inherited)",
					"@executable_path/Frameworks",
				);
				MARKETING_VERSION = 1.0;
				PRODUCT_BUNDLE_IDENTIFIER = "com.waafi.chatting-app";
				PRODUCT_NAME = "$(TARGET_NAME)";
				SWIFT_EMIT_LOC_STRINGS = YES;
				SWIFT_VERSION = 5.0;
				TARGETED_DEVICE_FAMILY = "1,2";
			};
			name = Debug;
		};
		6C7F4FAE2A9DDC020066ABC9 /* Release */ = {
			isa = XCBuildConfiguration;
			buildSettings = {
				ASSETCATALOG_COMPILER_APPICON_NAME = AppIcon;
				ASSETCATALOG_COMPILER_GLOBAL_ACCENT_COLOR_NAME = AccentColor;
				CODE_SIGN_STYLE = Automatic;
				CURRENT_PROJECT_VERSION = 1;
				DEVELOPMENT_ASSET_PATHS = "\"chatting-app/Preview Content\"";
				DEVELOPMENT_TEAM = T35Y69277T;
				ENABLE_PREVIEWS = YES;
				GENERATE_INFOPLIST_FILE = YES;
				INFOPLIST_KEY_UIApplicationSceneManifest_Generation = YES;
				INFOPLIST_KEY_UIApplicationSupportsIndirectInputEvents = YES;
				INFOPLIST_KEY_UILaunchScreen_Generation = YES;
				INFOPLIST_KEY_UISupportedInterfaceOrientations_iPad = "UIInterfaceOrientationPortrait UIInterfaceOrientationPortraitUpsideDown UIInterfaceOrientationLandscapeLeft UIInterfaceOrientationLandscapeRight";
				INFOPLIST_KEY_UISupportedInterfaceOrientations_iPhone = "UIInterfaceOrientationPortrait UIInterfaceOrientationLandscapeLeft UIInterfaceOrientationLandscapeRight";
				LD_RUNPATH_SEARCH_PATHS = (
					"$(inherited)",
					"@executable_path/Frameworks",
				);
				MARKETING_VERSION = 1.0;
				PRODUCT_BUNDLE_IDENTIFIER = "com.waafi.chatting-app";
				PRODUCT_NAME = "$(TARGET_NAME)";
				SWIFT_EMIT_LOC_STRINGS = YES;
				SWIFT_VERSION = 5.0;
				TARGETED_DEVICE_FAMILY = "1,2";
			};
			name = Release;
		};
/* End XCBuildConfiguration section */

/* Begin XCConfigurationList section */
		6C7F4F992A9DDC010066ABC9 /* Build configuration list for PBXProject "chatting-app" */ = {
			isa = XCConfigurationList;
			buildConfigurations = (
				6C7F4FAA2A9DDC020066ABC9 /* Debug */,
				6C7F4FAB2A9DDC020066ABC9 /* Release */,
			);
			defaultConfigurationIsVisible = 0;
			defaultConfigurationName = Release;
		};
		6C7F4FAC2A9DDC020066ABC9 /* Build configuration list for PBXNativeTarget "chatting-app" */ = {
			isa = XCConfigurationList;
			buildConfigurations = (
				6C7F4FAD2A9DDC020066ABC9 /* Debug */,
				6C7F4FAE2A9DDC020066ABC9 /* Release */,
			);
			defaultConfigurationIsVisible = 0;
			defaultConfigurationName = Release;
		};
/* End XCConfigurationList section */

/* Begin XCRemoteSwiftPackageReference section */
		6C875C0D2AA46FF50091992F /* XCRemoteSwiftPackageReference "SQLite.swift" */ = {
			isa = XCRemoteSwiftPackageReference;
			repositoryURL = "https://github.com/stephencelis/SQLite.swift.git";
			requirement = {
				kind = upToNextMajorVersion;
				minimumVersion = 0.14.1;
			};
		};
		6CD3F0732AA28C790095BAC7 /* XCRemoteSwiftPackageReference "XMPPFramework" */ = {
			isa = XCRemoteSwiftPackageReference;
			repositoryURL = "https://github.com/robbiehanson/XMPPFramework.git";
			requirement = {
				kind = upToNextMajorVersion;
				minimumVersion = 4.0.0;
			};
		};
/* End XCRemoteSwiftPackageReference section */

/* Begin XCSwiftPackageProductDependency section */
		6C875C0E2AA46FF50091992F /* SQLite */ = {
			isa = XCSwiftPackageProductDependency;
			package = 6C875C0D2AA46FF50091992F /* XCRemoteSwiftPackageReference "SQLite.swift" */;
			productName = SQLite;
		};
		6CD3F0742AA28C790095BAC7 /* XMPPFrameworkSwift */ = {
			isa = XCSwiftPackageProductDependency;
			package = 6CD3F0732AA28C790095BAC7 /* XCRemoteSwiftPackageReference "XMPPFramework" */;
			productName = XMPPFrameworkSwift;
		};
/* End XCSwiftPackageProductDependency section */
	};
	rootObject = 6C7F4F962A9DDC010066ABC9 /* Project object */;
}
